
Microsoft Visual Studio Solution File, Format Version 12.00
# Visual Studio Version 17
VisualStudioVersion = 17.8.34330.188
MinimumVisualStudioVersion = 10.0.40219.1
Project("{FAE04EC0-301F-11D3-BF4B-00C04F79EFBC}") = "ASP.Net_Core_1", "ASP.Net_Core_1\ASP.Net_Core_1.csproj", "{D7EBA26C-6F55-47DF-9B5C-24DA0829DAF7}"
EndProject
Global
	GlobalSection(SolutionConfigurationPlatforms) = preSolution
		Debug|Any CPU = Debug|Any CPU
		Release|Any CPU = Release|Any CPU
	EndGlobalSection
	GlobalSection(ProjectConfigurationPlatforms) = postSolution
		{D7EBA26C-6F55-47DF-9B5C-24DA0829DAF7}.Debug|Any CPU.ActiveCfg = Debug|Any CPU
		{D7EBA26C-6F55-47DF-9B5C-24DA0829DAF7}.Debug|Any CPU.Build.0 = Debug|Any CPU
		{D7EBA26C-6F55-47DF-9B5C-24DA0829DAF7}.Release|Any CPU.ActiveCfg = Release|Any CPU
		{D7EBA26C-6F55-47DF-9B5C-24DA0829DAF7}.Release|Any CPU.Build.0 = Release|Any CPU
	EndGlobalSection
	GlobalSection(SolutionProperties) = preSolution
		HideSolutionNode = FALSE
	EndGlobalSection
	GlobalSection(ExtensibilityGlobals) = postSolution
		SolutionGuid = {2CEB2CEB-747F-4B56-B5B8-A09175E85775}
	EndGlobalSection
EndGlobal
